
Microsoft Visual Studio Solution File, Format Version 12.00
# Visual Studio Version 17
VisualStudioVersion = 17.10.35004.147
MinimumVisualStudioVersion = 10.0.40219.1
Project("{FAE04EC0-301F-11D3-BF4B-00C04F79EFBC}") = "ConsoleAppAllKeziya", "ConsoleAppAllKeziya\ConsoleAppAllKeziya.csproj", "{A0CEA787-CAAC-4E0A-BA43-63F612D87EFF}"
EndProject
Global
	GlobalSection(SolutionConfigurationPlatforms) = preSolution
		Debug|Any CPU = Debug|Any CPU
		Release|Any CPU = Release|Any CPU
	EndGlobalSection
	GlobalSection(ProjectConfigurationPlatforms) = postSolution
		{A0CEA787-CAAC-4E0A-BA43-63F612D87EFF}.Debug|Any CPU.ActiveCfg = Debug|Any CPU
		{A0CEA787-CAAC-4E0A-BA43-63F612D87EFF}.Debug|Any CPU.Build.0 = Debug|Any CPU
		{A0CEA787-CAAC-4E0A-BA43-63F612D87EFF}.Release|Any CPU.ActiveCfg = Release|Any CPU
		{A0CEA787-CAAC-4E0A-BA43-63F612D87EFF}.Release|Any CPU.Build.0 = Release|Any CPU
	EndGlobalSection
	GlobalSection(SolutionProperties) = preSolution
		HideSolutionNode = FALSE
	EndGlobalSection
	GlobalSection(ExtensibilityGlobals) = postSolution
		SolutionGuid = {8833D913-74A2-46CD-A964-4B1AC6EB26B6}
	EndGlobalSection
EndGlobal
